
Microsoft Visual Studio Solution File, Format Version 12.00
# Visual Studio Version 17
VisualStudioVersion = 17.4.33403.182
MinimumVisualStudioVersion = 10.0.40219.1
Project("{9A19103F-16F7-4668-BE54-9A1E7A4F7556}") = "SWKOM-paperless", "SWKOM-paperless\SWKOM-paperless.csproj", "{96F2E125-CD32-4FB3-AB72-4E1F7F35159F}"
EndProject
Project("{FAE04EC0-301F-11D3-BF4B-00C04F79EFBC}") = "SWKOM-paperless.BusinessLogic.Entities", "SWKOM-paperless.BusinessLogic.Entities\SWKOM-paperless.BusinessLogic.Entities.csproj", "{48B197DF-F021-455F-B4F5-C1A28078D34C}"
EndProject
Project("{FAE04EC0-301F-11D3-BF4B-00C04F79EFBC}") = "SWKOM-paperless.BusinessLogic.Interfaces", "SWKOM-paperless.BusinessLogic.Interfaces\SWKOM-paperless.BusinessLogic.Interfaces.csproj", "{FE4E960B-2863-4D56-8808-773EF513998E}"
EndProject
Project("{FAE04EC0-301F-11D3-BF4B-00C04F79EFBC}") = "SWKOM_paperless.BusinessLogic.Mapper", "SWKOM_paperless.BusinessLogic.Mapper\SWKOM_paperless.BusinessLogic.Mapper.csproj", "{38600DA5-7451-4959-9C65-819DFF3F1928}"
EndProject
Global
	GlobalSection(SolutionConfigurationPlatforms) = preSolution
		Debug|Any CPU = Debug|Any CPU
		Release|Any CPU = Release|Any CPU
	EndGlobalSection
	GlobalSection(ProjectConfigurationPlatforms) = postSolution
		{96F2E125-CD32-4FB3-AB72-4E1F7F35159F}.Debug|Any CPU.ActiveCfg = Debug|Any CPU
		{96F2E125-CD32-4FB3-AB72-4E1F7F35159F}.Debug|Any CPU.Build.0 = Debug|Any CPU
		{96F2E125-CD32-4FB3-AB72-4E1F7F35159F}.Release|Any CPU.ActiveCfg = Release|Any CPU
		{96F2E125-CD32-4FB3-AB72-4E1F7F35159F}.Release|Any CPU.Build.0 = Release|Any CPU
		{FE4E960B-2863-4D56-8808-773EF513998E}.Debug|Any CPU.ActiveCfg = Debug|Any CPU
		{FE4E960B-2863-4D56-8808-773EF513998E}.Debug|Any CPU.Build.0 = Debug|Any CPU
		{FE4E960B-2863-4D56-8808-773EF513998E}.Release|Any CPU.ActiveCfg = Release|Any CPU
		{FE4E960B-2863-4D56-8808-773EF513998E}.Release|Any CPU.Build.0 = Release|Any CPU
		{48B197DF-F021-455F-B4F5-C1A28078D34C}.Debug|Any CPU.ActiveCfg = Debug|Any CPU
		{48B197DF-F021-455F-B4F5-C1A28078D34C}.Debug|Any CPU.Build.0 = Debug|Any CPU
		{38600DA5-7451-4959-9C65-819DFF3F1928}.Debug|Any CPU.ActiveCfg = Debug|Any CPU
		{38600DA5-7451-4959-9C65-819DFF3F1928}.Debug|Any CPU.Build.0 = Debug|Any CPU
		{38600DA5-7451-4959-9C65-819DFF3F1928}.Release|Any CPU.ActiveCfg = Release|Any CPU
		{38600DA5-7451-4959-9C65-819DFF3F1928}.Release|Any CPU.Build.0 = Release|Any CPU
	EndGlobalSection
EndGlobal
